
Microsoft Visual Studio Solution File, Format Version 12.00
# Visual Studio Version 16
VisualStudioVersion = 16.0.32413.511
MinimumVisualStudioVersion = 10.0.40219.1
Project("{FAE04EC0-301F-11D3-BF4B-00C04F79EFBC}") = "SemaphorSlim.Demo.App", "SemaphorSlim.Demo.App\SemaphorSlim.Demo.App.csproj", "{0DD59224-F9BB-48E9-8BBE-45AA42D92266}"
EndProject
Global
	GlobalSection(SolutionConfigurationPlatforms) = preSolution
		Debug|Any CPU = Debug|Any CPU
		Release|Any CPU = Release|Any CPU
	EndGlobalSection
	GlobalSection(ProjectConfigurationPlatforms) = postSolution
		{0DD59224-F9BB-48E9-8BBE-45AA42D92266}.Debug|Any CPU.ActiveCfg = Debug|Any CPU
		{0DD59224-F9BB-48E9-8BBE-45AA42D92266}.Debug|Any CPU.Build.0 = Debug|Any CPU
		{0DD59224-F9BB-48E9-8BBE-45AA42D92266}.Release|Any CPU.ActiveCfg = Release|Any CPU
		{0DD59224-F9BB-48E9-8BBE-45AA42D92266}.Release|Any CPU.Build.0 = Release|Any CPU
	EndGlobalSection
	GlobalSection(SolutionProperties) = preSolution
		HideSolutionNode = FALSE
	EndGlobalSection
	GlobalSection(ExtensibilityGlobals) = postSolution
		SolutionGuid = {F3B3284A-FE99-41B0-B960-4687E8941D95}
	EndGlobalSection
EndGlobal
